
Microsoft Visual Studio Solution File, Format Version 12.00
# Visual Studio 15
Project("{FAE04EC0-301F-11D3-BF4B-00C04F79EFBC}") = "PartyInvites", "PartyInvites\PartyInvites.csproj", "{1AE14C07-4358-4C7D-93D8-FBCFA2FD319A}"
EndProject
Global
	GlobalSection(SolutionConfigurationPlatforms) = preSolution
		Debug|Any CPU = Debug|Any CPU
		Release|Any CPU = Release|Any CPU
	EndGlobalSection
	GlobalSection(ProjectConfigurationPlatforms) = postSolution
		{1AE14C07-4358-4C7D-93D8-FBCFA2FD319A}.Debug|Any CPU.ActiveCfg = Debug|Any CPU
		{1AE14C07-4358-4C7D-93D8-FBCFA2FD319A}.Debug|Any CPU.Build.0 = Debug|Any CPU
		{1AE14C07-4358-4C7D-93D8-FBCFA2FD319A}.Release|Any CPU.ActiveCfg = Release|Any CPU
		{1AE14C07-4358-4C7D-93D8-FBCFA2FD319A}.Release|Any CPU.Build.0 = Release|Any CPU
	EndGlobalSection
EndGlobal
